
Microsoft Visual Studio Solution File, Format Version 9.00
# Visual Studio 2005
Project("{FAE04EC0-301F-11D3-BF4B-00C04F79EFBC}") = "hy001Sale", "Program\hy001Sale\hy001Sale.csproj", "{360F523C-BEA1-488D-8896-AA37E771395B}"
EndProject
Project("{2150E333-8FDC-42A3-9474-1A3956D46DE8}") = "hyPublic", "hyPublic", "{FDF1B51B-F2DD-434E-8B82-DA10FA7FC23D}"
EndProject
Project("{2150E333-8FDC-42A3-9474-1A3956D46DE8}") = "Programe", "Programe", "{0280CA6B-320B-4438-98E1-1A1814C7099C}"
EndProject
Project("{FAE04EC0-301F-11D3-BF4B-00C04F79EFBC}") = "hy001Storage", "Program\hy001Storage\hy001Storage.csproj", "{A6DE07D6-F0F5-4F14-B0CA-93B13AE95206}"
EndProject
Project("{FAE04EC0-301F-11D3-BF4B-00C04F79EFBC}") = "hy001Stock", "Program\hy001Stock\hy001Stock.csproj", "{D0B6E301-69BC-410A-8F3F-89407CF77AF9}"
EndProject
Project("{FAE04EC0-301F-11D3-BF4B-00C04F79EFBC}") = "hy001SelfShop", "Program\hy001SelfShop\hy001SelfShop.csproj", "{F3604584-85F8-4BBB-B15B-3C70556DE2BB}"
EndProject
Project("{FAE04EC0-301F-11D3-BF4B-00C04F79EFBC}") = "hy001Finance", "Program\hy001Finance\hy001Finance.csproj", "{4491E90D-35CA-4CEC-A063-C9F5F72142BB}"
EndProject
Project("{FAE04EC0-301F-11D3-BF4B-00C04F79EFBC}") = "hy001Common", "Program\hy001Common\hy001Common.csproj", "{387721A5-DF4D-44EF-A00B-87F7F520B1A7}"
EndProject
Project("{FAE04EC0-301F-11D3-BF4B-00C04F79EFBC}") = "hy001Archives", "Program\hy001Archives\hy001Archives.csproj", "{B885C361-EE80-48D0-B807-72FF75E69CBC}"
EndProject
Project("{FAE04EC0-301F-11D3-BF4B-00C04F79EFBC}") = "xzMesosphere", "xzMesosphere\xzMesosphere.csproj", "{7535C795-BC29-4FA9-A510-CE70B3EB33CA}"
EndProject
Project("{FAE04EC0-301F-11D3-BF4B-00C04F79EFBC}") = "xzClient", "xzClient\xzClient.csproj", "{0ED2AB6B-5BE9-4680-AEFB-FFFF45DC90A7}"
EndProject
Project("{FAE04EC0-301F-11D3-BF4B-00C04F79EFBC}") = "hyCRM", "Public\hyCRM\hyCRM.csproj", "{807B0723-7945-4428-8A45-EFD81315BDE8}"
EndProject
Project("{FAE04EC0-301F-11D3-BF4B-00C04F79EFBC}") = "hyHR", "Public\hyHR\hyHR.csproj", "{48136617-C3A9-401C-B733-CB57A9CCF395}"
EndProject
Project("{FAE04EC0-301F-11D3-BF4B-00C04F79EFBC}") = "hySystem", "Public\hySystem\hySystem.csproj", "{6F930D10-1D3B-4E7E-B7B0-C5E1E38E7310}"
EndProject
Global
	GlobalSection(SolutionConfigurationPlatforms) = preSolution
		Debug|Any CPU = Debug|Any CPU
		Release|Any CPU = Release|Any CPU
	EndGlobalSection
	GlobalSection(ProjectConfigurationPlatforms) = postSolution
		{360F523C-BEA1-488D-8896-AA37E771395B}.Debug|Any CPU.ActiveCfg = Debug|Any CPU
		{360F523C-BEA1-488D-8896-AA37E771395B}.Debug|Any CPU.Build.0 = Debug|Any CPU
		{360F523C-BEA1-488D-8896-AA37E771395B}.Release|Any CPU.ActiveCfg = Release|Any CPU
		{360F523C-BEA1-488D-8896-AA37E771395B}.Release|Any CPU.Build.0 = Release|Any CPU
		{A6DE07D6-F0F5-4F14-B0CA-93B13AE95206}.Debug|Any CPU.ActiveCfg = Debug|Any CPU
		{A6DE07D6-F0F5-4F14-B0CA-93B13AE95206}.Debug|Any CPU.Build.0 = Debug|Any CPU
		{A6DE07D6-F0F5-4F14-B0CA-93B13AE95206}.Release|Any CPU.ActiveCfg = Release|Any CPU
		{A6DE07D6-F0F5-4F14-B0CA-93B13AE95206}.Release|Any CPU.Build.0 = Release|Any CPU
		{D0B6E301-69BC-410A-8F3F-89407CF77AF9}.Debug|Any CPU.ActiveCfg = Debug|Any CPU
		{D0B6E301-69BC-410A-8F3F-89407CF77AF9}.Debug|Any CPU.Build.0 = Debug|Any CPU
		{D0B6E301-69BC-410A-8F3F-89407CF77AF9}.Release|Any CPU.ActiveCfg = Release|Any CPU
		{D0B6E301-69BC-410A-8F3F-89407CF77AF9}.Release|Any CPU.Build.0 = Release|Any CPU
		{F3604584-85F8-4BBB-B15B-3C70556DE2BB}.Debug|Any CPU.ActiveCfg = Debug|Any CPU
		{F3604584-85F8-4BBB-B15B-3C70556DE2BB}.Debug|Any CPU.Build.0 = Debug|Any CPU
		{F3604584-85F8-4BBB-B15B-3C70556DE2BB}.Release|Any CPU.ActiveCfg = Release|Any CPU
		{F3604584-85F8-4BBB-B15B-3C70556DE2BB}.Release|Any CPU.Build.0 = Release|Any CPU
		{4491E90D-35CA-4CEC-A063-C9F5F72142BB}.Debug|Any CPU.ActiveCfg = Debug|Any CPU
		{4491E90D-35CA-4CEC-A063-C9F5F72142BB}.Debug|Any CPU.Build.0 = Debug|Any CPU
		{4491E90D-35CA-4CEC-A063-C9F5F72142BB}.Release|Any CPU.ActiveCfg = Release|Any CPU
		{4491E90D-35CA-4CEC-A063-C9F5F72142BB}.Release|Any CPU.Build.0 = Release|Any CPU
		{387721A5-DF4D-44EF-A00B-87F7F520B1A7}.Debug|Any CPU.ActiveCfg = Debug|Any CPU
		{387721A5-DF4D-44EF-A00B-87F7F520B1A7}.Debug|Any CPU.Build.0 = Debug|Any CPU
		{387721A5-DF4D-44EF-A00B-87F7F520B1A7}.Release|Any CPU.ActiveCfg = Release|Any CPU
		{387721A5-DF4D-44EF-A00B-87F7F520B1A7}.Release|Any CPU.Build.0 = Release|Any CPU
		{B885C361-EE80-48D0-B807-72FF75E69CBC}.Debug|Any CPU.ActiveCfg = Debug|Any CPU
		{B885C361-EE80-48D0-B807-72FF75E69CBC}.Debug|Any CPU.Build.0 = Debug|Any CPU
		{B885C361-EE80-48D0-B807-72FF75E69CBC}.Release|Any CPU.ActiveCfg = Release|Any CPU
		{B885C361-EE80-48D0-B807-72FF75E69CBC}.Release|Any CPU.Build.0 = Release|Any CPU
		{7535C795-BC29-4FA9-A510-CE70B3EB33CA}.Debug|Any CPU.ActiveCfg = Debug|Any CPU
		{7535C795-BC29-4FA9-A510-CE70B3EB33CA}.Debug|Any CPU.Build.0 = Debug|Any CPU
		{7535C795-BC29-4FA9-A510-CE70B3EB33CA}.Release|Any CPU.ActiveCfg = Release|Any CPU
		{7535C795-BC29-4FA9-A510-CE70B3EB33CA}.Release|Any CPU.Build.0 = Release|Any CPU
		{0ED2AB6B-5BE9-4680-AEFB-FFFF45DC90A7}.Debug|Any CPU.ActiveCfg = Debug|Any CPU
		{0ED2AB6B-5BE9-4680-AEFB-FFFF45DC90A7}.Debug|Any CPU.Build.0 = Debug|Any CPU
		{0ED2AB6B-5BE9-4680-AEFB-FFFF45DC90A7}.Release|Any CPU.ActiveCfg = Release|Any CPU
		{0ED2AB6B-5BE9-4680-AEFB-FFFF45DC90A7}.Release|Any CPU.Build.0 = Release|Any CPU
		{807B0723-7945-4428-8A45-EFD81315BDE8}.Debug|Any CPU.ActiveCfg = Debug|Any CPU
		{807B0723-7945-4428-8A45-EFD81315BDE8}.Debug|Any CPU.Build.0 = Debug|Any CPU
		{807B0723-7945-4428-8A45-EFD81315BDE8}.Release|Any CPU.ActiveCfg = Release|Any CPU
		{807B0723-7945-4428-8A45-EFD81315BDE8}.Release|Any CPU.Build.0 = Release|Any CPU
		{48136617-C3A9-401C-B733-CB57A9CCF395}.Debug|Any CPU.ActiveCfg = Debug|Any CPU
		{48136617-C3A9-401C-B733-CB57A9CCF395}.Debug|Any CPU.Build.0 = Debug|Any CPU
		{48136617-C3A9-401C-B733-CB57A9CCF395}.Release|Any CPU.ActiveCfg = Release|Any CPU
		{48136617-C3A9-401C-B733-CB57A9CCF395}.Release|Any CPU.Build.0 = Release|Any CPU
		{6F930D10-1D3B-4E7E-B7B0-C5E1E38E7310}.Debug|Any CPU.ActiveCfg = Debug|Any CPU
		{6F930D10-1D3B-4E7E-B7B0-C5E1E38E7310}.Debug|Any CPU.Build.0 = Debug|Any CPU
		{6F930D10-1D3B-4E7E-B7B0-C5E1E38E7310}.Release|Any CPU.ActiveCfg = Release|Any CPU
		{6F930D10-1D3B-4E7E-B7B0-C5E1E38E7310}.Release|Any CPU.Build.0 = Release|Any CPU
	EndGlobalSection
	GlobalSection(SolutionProperties) = preSolution
		HideSolutionNode = FALSE
	EndGlobalSection
	GlobalSection(NestedProjects) = preSolution
		{7535C795-BC29-4FA9-A510-CE70B3EB33CA} = {FDF1B51B-F2DD-434E-8B82-DA10FA7FC23D}
		{0ED2AB6B-5BE9-4680-AEFB-FFFF45DC90A7} = {FDF1B51B-F2DD-434E-8B82-DA10FA7FC23D}
		{807B0723-7945-4428-8A45-EFD81315BDE8} = {FDF1B51B-F2DD-434E-8B82-DA10FA7FC23D}
		{48136617-C3A9-401C-B733-CB57A9CCF395} = {FDF1B51B-F2DD-434E-8B82-DA10FA7FC23D}
		{6F930D10-1D3B-4E7E-B7B0-C5E1E38E7310} = {FDF1B51B-F2DD-434E-8B82-DA10FA7FC23D}
		{360F523C-BEA1-488D-8896-AA37E771395B} = {0280CA6B-320B-4438-98E1-1A1814C7099C}
		{A6DE07D6-F0F5-4F14-B0CA-93B13AE95206} = {0280CA6B-320B-4438-98E1-1A1814C7099C}
		{D0B6E301-69BC-410A-8F3F-89407CF77AF9} = {0280CA6B-320B-4438-98E1-1A1814C7099C}
		{F3604584-85F8-4BBB-B15B-3C70556DE2BB} = {0280CA6B-320B-4438-98E1-1A1814C7099C}
		{4491E90D-35CA-4CEC-A063-C9F5F72142BB} = {0280CA6B-320B-4438-98E1-1A1814C7099C}
		{387721A5-DF4D-44EF-A00B-87F7F520B1A7} = {0280CA6B-320B-4438-98E1-1A1814C7099C}
		{B885C361-EE80-48D0-B807-72FF75E69CBC} = {0280CA6B-320B-4438-98E1-1A1814C7099C}
	EndGlobalSection
EndGlobal
